
Microsoft Visual Studio Solution File, Format Version 12.00
# Visual Studio Version 17
VisualStudioVersion = 17.14.36401.2 d17.14
MinimumVisualStudioVersion = 10.0.40219.1
Project("{FAE04EC0-301F-11D3-BF4B-00C04F79EFBC}") = "CaoThiThanhXuan_231230966_de01", "CaoThiThanhXuan_231230966_de01.csproj", "{1EC11DB3-FB08-43FF-9D7D-7976246E38AA}"
EndProject
Global
	GlobalSection(SolutionConfigurationPlatforms) = preSolution
		Debug|Any CPU = Debug|Any CPU
		Release|Any CPU = Release|Any CPU
	EndGlobalSection
	GlobalSection(ProjectConfigurationPlatforms) = postSolution
		{1EC11DB3-FB08-43FF-9D7D-7976246E38AA}.Debug|Any CPU.ActiveCfg = Debug|Any CPU
		{1EC11DB3-FB08-43FF-9D7D-7976246E38AA}.Debug|Any CPU.Build.0 = Debug|Any CPU
		{1EC11DB3-FB08-43FF-9D7D-7976246E38AA}.Release|Any CPU.ActiveCfg = Release|Any CPU
		{1EC11DB3-FB08-43FF-9D7D-7976246E38AA}.Release|Any CPU.Build.0 = Release|Any CPU
	EndGlobalSection
	GlobalSection(SolutionProperties) = preSolution
		HideSolutionNode = FALSE
	EndGlobalSection
	GlobalSection(ExtensibilityGlobals) = postSolution
		SolutionGuid = {76AB7027-3665-48B6-95D9-3DC0017E441F}
	EndGlobalSection
EndGlobal
