
Microsoft Visual Studio Solution File, Format Version 12.00
# Visual Studio Version 17
VisualStudioVersion = 17.14.36401.2 d17.14
MinimumVisualStudioVersion = 10.0.40219.1
Project("{FAE04EC0-301F-11D3-BF4B-00C04F79EFBC}") = "data", "data.csproj", "{65B90111-F6C4-4B7A-9F86-FDEDB49E89ED}"
EndProject
Global
	GlobalSection(SolutionConfigurationPlatforms) = preSolution
		Debug|Any CPU = Debug|Any CPU
		Release|Any CPU = Release|Any CPU
	EndGlobalSection
	GlobalSection(ProjectConfigurationPlatforms) = postSolution
		{65B90111-F6C4-4B7A-9F86-FDEDB49E89ED}.Debug|Any CPU.ActiveCfg = Debug|Any CPU
		{65B90111-F6C4-4B7A-9F86-FDEDB49E89ED}.Debug|Any CPU.Build.0 = Debug|Any CPU
		{65B90111-F6C4-4B7A-9F86-FDEDB49E89ED}.Release|Any CPU.ActiveCfg = Release|Any CPU
		{65B90111-F6C4-4B7A-9F86-FDEDB49E89ED}.Release|Any CPU.Build.0 = Release|Any CPU
	EndGlobalSection
	GlobalSection(SolutionProperties) = preSolution
		HideSolutionNode = FALSE
	EndGlobalSection
	GlobalSection(ExtensibilityGlobals) = postSolution
		SolutionGuid = {A113FD52-C84B-459B-8279-933C317B6FEF}
	EndGlobalSection
EndGlobal
